
Microsoft Visual Studio Solution File, Format Version 12.00
# Visual Studio Version 17
VisualStudioVersion = 17.9.34728.123
MinimumVisualStudioVersion = 10.0.40219.1
Project("{F184B08F-C81C-45F6-A57F-5ABD9991F28F}") = "RoshaORM", "RoshaORM\RoshaORM.vbproj", "{FBF61DB9-56EA-40C8-9426-D358894A3743}"
EndProject
Global
	GlobalSection(SolutionConfigurationPlatforms) = preSolution
		Debug|Any CPU = Debug|Any CPU
		Release|Any CPU = Release|Any CPU
	EndGlobalSection
	GlobalSection(ProjectConfigurationPlatforms) = postSolution
		{FBF61DB9-56EA-40C8-9426-D358894A3743}.Debug|Any CPU.ActiveCfg = Debug|Any CPU
		{FBF61DB9-56EA-40C8-9426-D358894A3743}.Debug|Any CPU.Build.0 = Debug|Any CPU
		{FBF61DB9-56EA-40C8-9426-D358894A3743}.Release|Any CPU.ActiveCfg = Release|Any CPU
		{FBF61DB9-56EA-40C8-9426-D358894A3743}.Release|Any CPU.Build.0 = Release|Any CPU
	EndGlobalSection
	GlobalSection(SolutionProperties) = preSolution
		HideSolutionNode = FALSE
	EndGlobalSection
	GlobalSection(ExtensibilityGlobals) = postSolution
		SolutionGuid = {61C23547-C192-4499-BD94-B09B2C33A994}
	EndGlobalSection
EndGlobal
